// !$*UTF8*$!
{
	archiveVersion = 1;
	classes = {
	};
	objectVersion = 55;
	objects = {

/* Begin PBXBuildFile section */
		FAD1D48029250E23001B30B6 /* TDDAuthApp.swift in Sources */ = {isa = PBXBuildFile; fileRef = FAD1D47F29250E23001B30B6 /* TDDAuthApp.swift */; };
		FAD1D48229250E23001B30B6 /* ContentView.swift in Sources */ = {isa = PBXBuildFile; fileRef = FAD1D48129250E23001B30B6 /* ContentView.swift */; };
		FAD1D48429250E26001B30B6 /* Assets.xcassets in Resources */ = {isa = PBXBuildFile; fileRef = FAD1D48329250E26001B30B6 /* Assets.xcassets */; };
		FAD1D48729250E26001B30B6 /* Preview Assets.xcassets in Resources */ = {isa = PBXBuildFile; fileRef = FAD1D48629250E26001B30B6 /* Preview Assets.xcassets */; };
		FAD1D48F29250F35001B30B6 /* Platform.swift in Sources */ = {isa = PBXBuildFile; fileRef = FAD1D48E29250F35001B30B6 /* Platform.swift */; };
		FAD1D49729250F9C001B30B6 /* TDDAuthTests.swift in Sources */ = {isa = PBXBuildFile; fileRef = FAD1D49629250F9C001B30B6 /* TDDAuthTests.swift */; };
		FAD1D49E29250FB4001B30B6 /* TestPlatform.swift in Sources */ = {isa = PBXBuildFile; fileRef = FAD1D49D29250FB4001B30B6 /* TestPlatform.swift */; };
		FAD1D4A0292510B3001B30B6 /* User.swift in Sources */ = {isa = PBXBuildFile; fileRef = FAD1D49F292510B3001B30B6 /* User.swift */; };
		FAD1D4A229251184001B30B6 /* UserTest.swift in Sources */ = {isa = PBXBuildFile; fileRef = FAD1D4A129251184001B30B6 /* UserTest.swift */; };
		FAD1D4A42925176C001B30B6 /* ValidationManager.swift in Sources */ = {isa = PBXBuildFile; fileRef = FAD1D4A32925176C001B30B6 /* ValidationManager.swift */; };
		FAD1D4A6292517AB001B30B6 /* AppError.swift in Sources */ = {isa = PBXBuildFile; fileRef = FAD1D4A5292517AB001B30B6 /* AppError.swift */; };
		FAD1D4AA292517FD001B30B6 /* UserManager.swift in Sources */ = {isa = PBXBuildFile; fileRef = FAD1D4A9292517FD001B30B6 /* UserManager.swift */; };
		FAD1D4AD2925256D001B30B6 /* SystemAuth.swift in Sources */ = {isa = PBXBuildFile; fileRef = FAD1D4AC2925256D001B30B6 /* SystemAuth.swift */; };
/* End PBXBuildFile section */

/* Begin PBXContainerItemProxy section */
		FAD1D49829250F9C001B30B6 /* PBXContainerItemProxy */ = {
			isa = PBXContainerItemProxy;
			containerPortal = FAD1D47429250E23001B30B6 /* Project object */;
			proxyType = 1;
			remoteGlobalIDString = FAD1D47B29250E23001B30B6;
			remoteInfo = TDDAuth;
		};
/* End PBXContainerItemProxy section */

/* Begin PBXFileReference section */
		FAD1D47C29250E23001B30B6 /* TDDAuth.app */ = {isa = PBXFileReference; explicitFileType = wrapper.application; includeInIndex = 0; path = TDDAuth.app; sourceTree = BUILT_PRODUCTS_DIR; };
		FAD1D47F29250E23001B30B6 /* TDDAuthApp.swift */ = {isa = PBXFileReference; lastKnownFileType = sourcecode.swift; path = TDDAuthApp.swift; sourceTree = "<group>"; };
		FAD1D48129250E23001B30B6 /* ContentView.swift */ = {isa = PBXFileReference; lastKnownFileType = sourcecode.swift; path = ContentView.swift; sourceTree = "<group>"; };
		FAD1D48329250E26001B30B6 /* Assets.xcassets */ = {isa = PBXFileReference; lastKnownFileType = folder.assetcatalog; path = Assets.xcassets; sourceTree = "<group>"; };
		FAD1D48629250E26001B30B6 /* Preview Assets.xcassets */ = {isa = PBXFileReference; lastKnownFileType = folder.assetcatalog; path = "Preview Assets.xcassets"; sourceTree = "<group>"; };
		FAD1D48E29250F35001B30B6 /* Platform.swift */ = {isa = PBXFileReference; lastKnownFileType = sourcecode.swift; path = Platform.swift; sourceTree = "<group>"; };
		FAD1D49429250F9C001B30B6 /* TDDAuthTests.xctest */ = {isa = PBXFileReference; explicitFileType = wrapper.cfbundle; includeInIndex = 0; path = TDDAuthTests.xctest; sourceTree = BUILT_PRODUCTS_DIR; };
		FAD1D49629250F9C001B30B6 /* TDDAuthTests.swift */ = {isa = PBXFileReference; lastKnownFileType = sourcecode.swift; path = TDDAuthTests.swift; sourceTree = "<group>"; };
		FAD1D49D29250FB4001B30B6 /* TestPlatform.swift */ = {isa = PBXFileReference; lastKnownFileType = sourcecode.swift; path = TestPlatform.swift; sourceTree = "<group>"; };
		FAD1D49F292510B3001B30B6 /* User.swift */ = {isa = PBXFileReference; lastKnownFileType = sourcecode.swift; path = User.swift; sourceTree = "<group>"; };
		FAD1D4A129251184001B30B6 /* UserTest.swift */ = {isa = PBXFileReference; lastKnownFileType = sourcecode.swift; path = UserTest.swift; sourceTree = "<group>"; };
		FAD1D4A32925176C001B30B6 /* ValidationManager.swift */ = {isa = PBXFileReference; lastKnownFileType = sourcecode.swift; path = ValidationManager.swift; sourceTree = "<group>"; };
		FAD1D4A5292517AB001B30B6 /* AppError.swift */ = {isa = PBXFileReference; lastKnownFileType = sourcecode.swift; path = AppError.swift; sourceTree = "<group>"; };
		FAD1D4A9292517FD001B30B6 /* UserManager.swift */ = {isa = PBXFileReference; lastKnownFileType = sourcecode.swift; path = UserManager.swift; sourceTree = "<group>"; };
		FAD1D4AC2925256D001B30B6 /* SystemAuth.swift */ = {isa = PBXFileReference; lastKnownFileType = sourcecode.swift; path = SystemAuth.swift; sourceTree = "<group>"; };
/* End PBXFileReference section */

/* Begin PBXFrameworksBuildPhase section */
		FAD1D47929250E23001B30B6 /* Frameworks */ = {
			isa = PBXFrameworksBuildPhase;
			buildActionMask = 2147483647;
			files = (
			);
			runOnlyForDeploymentPostprocessing = 0;
		};
		FAD1D49129250F9C001B30B6 /* Frameworks */ = {
			isa = PBXFrameworksBuildPhase;
			buildActionMask = 2147483647;
			files = (
			);
			runOnlyForDeploymentPostprocessing = 0;
		};
/* End PBXFrameworksBuildPhase section */

/* Begin PBXGroup section */
		FAD1D47329250E23001B30B6 = {
			isa = PBXGroup;
			children = (
				FAD1D47E29250E23001B30B6 /* TDDAuth */,
				FAD1D49529250F9C001B30B6 /* TDDAuthTests */,
				FAD1D47D29250E23001B30B6 /* Products */,
			);
			sourceTree = "<group>";
		};
		FAD1D47D29250E23001B30B6 /* Products */ = {
			isa = PBXGroup;
			children = (
				FAD1D47C29250E23001B30B6 /* TDDAuth.app */,
				FAD1D49429250F9C001B30B6 /* TDDAuthTests.xctest */,
			);
			name = Products;
			sourceTree = "<group>";
		};
		FAD1D47E29250E23001B30B6 /* TDDAuth */ = {
			isa = PBXGroup;
			children = (
				FAD1D48D29250EF1001B30B6 /* Platform */,
				FAD1D47F29250E23001B30B6 /* TDDAuthApp.swift */,
				FAD1D48129250E23001B30B6 /* ContentView.swift */,
				FAD1D48329250E26001B30B6 /* Assets.xcassets */,
				FAD1D48529250E26001B30B6 /* Preview Content */,
			);
			path = TDDAuth;
			sourceTree = "<group>";
		};
		FAD1D48529250E26001B30B6 /* Preview Content */ = {
			isa = PBXGroup;
			children = (
				FAD1D48629250E26001B30B6 /* Preview Assets.xcassets */,
			);
			path = "Preview Content";
			sourceTree = "<group>";
		};
		FAD1D48D29250EF1001B30B6 /* Platform */ = {
			isa = PBXGroup;
			children = (
				FAD1D4AB29252556001B30B6 /* Auth */,
				FAD1D4A7292517D7001B30B6 /* Models */,
				FAD1D4A5292517AB001B30B6 /* AppError.swift */,
				FAD1D4A32925176C001B30B6 /* ValidationManager.swift */,
				FAD1D48E29250F35001B30B6 /* Platform.swift */,
			);
			path = Platform;
			sourceTree = "<group>";
		};
		FAD1D49529250F9C001B30B6 /* TDDAuthTests */ = {
			isa = PBXGroup;
			children = (
				FAD1D49629250F9C001B30B6 /* TDDAuthTests.swift */,
				FAD1D49D29250FB4001B30B6 /* TestPlatform.swift */,
				FAD1D4A129251184001B30B6 /* UserTest.swift */,
			);
			path = TDDAuthTests;
			sourceTree = "<group>";
		};
		FAD1D4A7292517D7001B30B6 /* Models */ = {
			isa = PBXGroup;
			children = (
				FAD1D4A8292517E8001B30B6 /* User */,
			);
			path = Models;
			sourceTree = "<group>";
		};
		FAD1D4A8292517E8001B30B6 /* User */ = {
			isa = PBXGroup;
			children = (
				FAD1D49F292510B3001B30B6 /* User.swift */,
				FAD1D4A9292517FD001B30B6 /* UserManager.swift */,
			);
			path = User;
			sourceTree = "<group>";
		};
		FAD1D4AB29252556001B30B6 /* Auth */ = {
			isa = PBXGroup;
			children = (
				FAD1D4AC2925256D001B30B6 /* SystemAuth.swift */,
			);
			path = Auth;
			sourceTree = "<group>";
		};
/* End PBXGroup section */

/* Begin PBXNativeTarget section */
		FAD1D47B29250E23001B30B6 /* TDDAuth */ = {
			isa = PBXNativeTarget;
			buildConfigurationList = FAD1D48A29250E26001B30B6 /* Build configuration list for PBXNativeTarget "TDDAuth" */;
			buildPhases = (
				FAD1D47829250E23001B30B6 /* Sources */,
				FAD1D47929250E23001B30B6 /* Frameworks */,
				FAD1D47A29250E23001B30B6 /* Resources */,
			);
			buildRules = (
			);
			dependencies = (
			);
			name = TDDAuth;
			productName = TDDAuth;
			productReference = FAD1D47C29250E23001B30B6 /* TDDAuth.app */;
			productType = "com.apple.product-type.application";
		};
		FAD1D49329250F9C001B30B6 /* TDDAuthTests */ = {
			isa = PBXNativeTarget;
			buildConfigurationList = FAD1D49A29250F9C001B30B6 /* Build configuration list for PBXNativeTarget "TDDAuthTests" */;
			buildPhases = (
				FAD1D49029250F9C001B30B6 /* Sources */,
				FAD1D49129250F9C001B30B6 /* Frameworks */,
				FAD1D49229250F9C001B30B6 /* Resources */,
			);
			buildRules = (
			);
			dependencies = (
				FAD1D49929250F9C001B30B6 /* PBXTargetDependency */,
			);
			name = TDDAuthTests;
			productName = TDDAuthTests;
			productReference = FAD1D49429250F9C001B30B6 /* TDDAuthTests.xctest */;
			productType = "com.apple.product-type.bundle.unit-test";
		};
/* End PBXNativeTarget section */

/* Begin PBXProject section */
		FAD1D47429250E23001B30B6 /* Project object */ = {
			isa = PBXProject;
			attributes = {
				BuildIndependentTargetsInParallel = 1;
				LastSwiftUpdateCheck = 1320;
				LastUpgradeCheck = 1320;
				TargetAttributes = {
					FAD1D47B29250E23001B30B6 = {
						CreatedOnToolsVersion = 13.2.1;
					};
					FAD1D49329250F9C001B30B6 = {
						CreatedOnToolsVersion = 13.2.1;
						TestTargetID = FAD1D47B29250E23001B30B6;
					};
				};
			};
			buildConfigurationList = FAD1D47729250E23001B30B6 /* Build configuration list for PBXProject "TDDAuth" */;
			compatibilityVersion = "Xcode 13.0";
			developmentRegion = en;
			hasScannedForEncodings = 0;
			knownRegions = (
				en,
				Base,
			);
			mainGroup = FAD1D47329250E23001B30B6;
			productRefGroup = FAD1D47D29250E23001B30B6 /* Products */;
			projectDirPath = "";
			projectRoot = "";
			targets = (
				FAD1D47B29250E23001B30B6 /* TDDAuth */,
				FAD1D49329250F9C001B30B6 /* TDDAuthTests */,
			);
		};
/* End PBXProject section */

/* Begin PBXResourcesBuildPhase section */
		FAD1D47A29250E23001B30B6 /* Resources */ = {
			isa = PBXResourcesBuildPhase;
			buildActionMask = 2147483647;
			files = (
				FAD1D48729250E26001B30B6 /* Preview Assets.xcassets in Resources */,
				FAD1D48429250E26001B30B6 /* Assets.xcassets in Resources */,
			);
			runOnlyForDeploymentPostprocessing = 0;
		};
		FAD1D49229250F9C001B30B6 /* Resources */ = {
			isa = PBXResourcesBuildPhase;
			buildActionMask = 2147483647;
			files = (
			);
			runOnlyForDeploymentPostprocessing = 0;
		};
/* End PBXResourcesBuildPhase section */

/* Begin PBXSourcesBuildPhase section */
		FAD1D47829250E23001B30B6 /* Sources */ = {
			isa = PBXSourcesBuildPhase;
			buildActionMask = 2147483647;
			files = (
				FAD1D4A42925176C001B30B6 /* ValidationManager.swift in Sources */,
				FAD1D4A0292510B3001B30B6 /* User.swift in Sources */,
				FAD1D4AA292517FD001B30B6 /* UserManager.swift in Sources */,
				FAD1D4A6292517AB001B30B6 /* AppError.swift in Sources */,
				FAD1D48F29250F35001B30B6 /* Platform.swift in Sources */,
				FAD1D48229250E23001B30B6 /* ContentView.swift in Sources */,
				FAD1D4AD2925256D001B30B6 /* SystemAuth.swift in Sources */,
				FAD1D48029250E23001B30B6 /* TDDAuthApp.swift in Sources */,
			);
			runOnlyForDeploymentPostprocessing = 0;
		};
		FAD1D49029250F9C001B30B6 /* Sources */ = {
			isa = PBXSourcesBuildPhase;
			buildActionMask = 2147483647;
			files = (
				FAD1D49E29250FB4001B30B6 /* TestPlatform.swift in Sources */,
				FAD1D4A229251184001B30B6 /* UserTest.swift in Sources */,
				FAD1D49729250F9C001B30B6 /* TDDAuthTests.swift in Sources */,
			);
			runOnlyForDeploymentPostprocessing = 0;
		};
/* End PBXSourcesBuildPhase section */

/* Begin PBXTargetDependency section */
		FAD1D49929250F9C001B30B6 /* PBXTargetDependency */ = {
			isa = PBXTargetDependency;
			target = FAD1D47B29250E23001B30B6 /* TDDAuth */;
			targetProxy = FAD1D49829250F9C001B30B6 /* PBXContainerItemProxy */;
		};
/* End PBXTargetDependency section */

/* Begin XCBuildConfiguration section */
		FAD1D48829250E26001B30B6 /* Debug */ = {
			isa = XCBuildConfiguration;
			buildSettings = {
				ALWAYS_SEARCH_USER_PATHS = NO;
				CLANG_ANALYZER_NONNULL = YES;
				CLANG_ANALYZER_NUMBER_OBJECT_CONVERSION = YES_AGGRESSIVE;
				CLANG_CXX_LANGUAGE_STANDARD = "gnu++17";
				CLANG_CXX_LIBRARY = "libc++";
				CLANG_ENABLE_MODULES = YES;
				CLANG_ENABLE_OBJC_ARC = YES;
				CLANG_ENABLE_OBJC_WEAK = YES;
				CLANG_WARN_BLOCK_CAPTURE_AUTORELEASING = YES;
				CLANG_WARN_BOOL_CONVERSION = YES;
				CLANG_WARN_COMMA = YES;
				CLANG_WARN_CONSTANT_CONVERSION = YES;
				CLANG_WARN_DEPRECATED_OBJC_IMPLEMENTATIONS = YES;
				CLANG_WARN_DIRECT_OBJC_ISA_USAGE = YES_ERROR;
				CLANG_WARN_DOCUMENTATION_COMMENTS = YES;
				CLANG_WARN_EMPTY_BODY = YES;
				CLANG_WARN_ENUM_CONVERSION = YES;
				CLANG_WARN_INFINITE_RECURSION = YES;
				CLANG_WARN_INT_CONVERSION = YES;
				CLANG_WARN_NON_LITERAL_NULL_CONVERSION = YES;
				CLANG_WARN_OBJC_IMPLICIT_RETAIN_SELF = YES;
				CLANG_WARN_OBJC_LITERAL_CONVERSION = YES;
				CLANG_WARN_OBJC_ROOT_CLASS = YES_ERROR;
				CLANG_WARN_QUOTED_INCLUDE_IN_FRAMEWORK_HEADER = YES;
				CLANG_WARN_RANGE_LOOP_ANALYSIS = YES;
				CLANG_WARN_STRICT_PROTOTYPES = YES;
				CLANG_WARN_SUSPICIOUS_MOVE = YES;
				CLANG_WARN_UNGUARDED_AVAILABILITY = YES_AGGRESSIVE;
				CLANG_WARN_UNREACHABLE_CODE = YES;
				CLANG_WARN__DUPLICATE_METHOD_MATCH = YES;
				COPY_PHASE_STRIP = NO;
				DEBUG_INFORMATION_FORMAT = dwarf;
				ENABLE_STRICT_OBJC_MSGSEND = YES;
				ENABLE_TESTABILITY = YES;
				GCC_C_LANGUAGE_STANDARD = gnu11;
				GCC_DYNAMIC_NO_PIC = NO;
				GCC_NO_COMMON_BLOCKS = YES;
				GCC_OPTIMIZATION_LEVEL = 0;
				GCC_PREPROCESSOR_DEFINITIONS = (
					"DEBUG=1",
					"$(inherited)",
				);
				GCC_WARN_64_TO_32_BIT_CONVERSION = YES;
				GCC_WARN_ABOUT_RETURN_TYPE = YES_ERROR;
				GCC_WARN_UNDECLARED_SELECTOR = YES;
				GCC_WARN_UNINITIALIZED_AUTOS = YES_AGGRESSIVE;
				GCC_WARN_UNUSED_FUNCTION = YES;
				GCC_WARN_UNUSED_VARIABLE = YES;
				IPHONEOS_DEPLOYMENT_TARGET = 15.2;
				MTL_ENABLE_DEBUG_INFO = INCLUDE_SOURCE;
				MTL_FAST_MATH = YES;
				ONLY_ACTIVE_ARCH = YES;
				SDKROOT = iphoneos;
				SWIFT_ACTIVE_COMPILATION_CONDITIONS = DEBUG;
				SWIFT_OPTIMIZATION_LEVEL = "-Onone";
			};
			name = Debug;
		};
		FAD1D48929250E26001B30B6 /* Release */ = {
			isa = XCBuildConfiguration;
			buildSettings = {
				ALWAYS_SEARCH_USER_PATHS = NO;
				CLANG_ANALYZER_NONNULL = YES;
				CLANG_ANALYZER_NUMBER_OBJECT_CONVERSION = YES_AGGRESSIVE;
				CLANG_CXX_LANGUAGE_STANDARD = "gnu++17";
				CLANG_CXX_LIBRARY = "libc++";
				CLANG_ENABLE_MODULES = YES;
				CLANG_ENABLE_OBJC_ARC = YES;
				CLANG_ENABLE_OBJC_WEAK = YES;
				CLANG_WARN_BLOCK_CAPTURE_AUTORELEASING = YES;
				CLANG_WARN_BOOL_CONVERSION = YES;
				CLANG_WARN_COMMA = YES;
				CLANG_WARN_CONSTANT_CONVERSION = YES;
				CLANG_WARN_DEPRECATED_OBJC_IMPLEMENTATIONS = YES;
				CLANG_WARN_DIRECT_OBJC_ISA_USAGE = YES_ERROR;
				CLANG_WARN_DOCUMENTATION_COMMENTS = YES;
				CLANG_WARN_EMPTY_BODY = YES;
				CLANG_WARN_ENUM_CONVERSION = YES;
				CLANG_WARN_INFINITE_RECURSION = YES;
				CLANG_WARN_INT_CONVERSION = YES;
				CLANG_WARN_NON_LITERAL_NULL_CONVERSION = YES;
				CLANG_WARN_OBJC_IMPLICIT_RETAIN_SELF = YES;
				CLANG_WARN_OBJC_LITERAL_CONVERSION = YES;
				CLANG_WARN_OBJC_ROOT_CLASS = YES_ERROR;
				CLANG_WARN_QUOTED_INCLUDE_IN_FRAMEWORK_HEADER = YES;
				CLANG_WARN_RANGE_LOOP_ANALYSIS = YES;
				CLANG_WARN_STRICT_PROTOTYPES = YES;
				CLANG_WARN_SUSPICIOUS_MOVE = YES;
				CLANG_WARN_UNGUARDED_AVAILABILITY = YES_AGGRESSIVE;
				CLANG_WARN_UNREACHABLE_CODE = YES;
				CLANG_WARN__DUPLICATE_METHOD_MATCH = YES;
				COPY_PHASE_STRIP = NO;
				DEBUG_INFORMATION_FORMAT = "dwarf-with-dsym";
				ENABLE_NS_ASSERTIONS = NO;
				ENABLE_STRICT_OBJC_MSGSEND = YES;
				GCC_C_LANGUAGE_STANDARD = gnu11;
				GCC_NO_COMMON_BLOCKS = YES;
				GCC_WARN_64_TO_32_BIT_CONVERSION = YES;
				GCC_WARN_ABOUT_RETURN_TYPE = YES_ERROR;
				GCC_WARN_UNDECLARED_SELECTOR = YES;
				GCC_WARN_UNINITIALIZED_AUTOS = YES_AGGRESSIVE;
				GCC_WARN_UNUSED_FUNCTION = YES;
				GCC_WARN_UNUSED_VARIABLE = YES;
				IPHONEOS_DEPLOYMENT_TARGET = 15.2;
				MTL_ENABLE_DEBUG_INFO = NO;
				MTL_FAST_MATH = YES;
				SDKROOT = iphoneos;
				SWIFT_COMPILATION_MODE = wholemodule;
				SWIFT_OPTIMIZATION_LEVEL = "-O";
				VALIDATE_PRODUCT = YES;
			};
			name = Release;
		};
		FAD1D48B29250E26001B30B6 /* Debug */ = {
			isa = XCBuildConfiguration;
			buildSettings = {
				ASSETCATALOG_COMPILER_APPICON_NAME = AppIcon;
				ASSETCATALOG_COMPILER_GLOBAL_ACCENT_COLOR_NAME = AccentColor;
				CODE_SIGN_STYLE = Automatic;
				CURRENT_PROJECT_VERSION = 1;
				DEVELOPMENT_ASSET_PATHS = "\"TDDAuth/Preview Content\"";
				DEVELOPMENT_TEAM = 6VC84T9283;
				ENABLE_PREVIEWS = YES;
				GENERATE_INFOPLIST_FILE = YES;
				INFOPLIST_KEY_UIApplicationSceneManifest_Generation = YES;
				INFOPLIST_KEY_UIApplicationSupportsIndirectInputEvents = YES;
				INFOPLIST_KEY_UILaunchScreen_Generation = YES;
				INFOPLIST_KEY_UISupportedInterfaceOrientations_iPad = "UIInterfaceOrientationPortrait UIInterfaceOrientationPortraitUpsideDown UIInterfaceOrientationLandscapeLeft UIInterfaceOrientationLandscapeRight";
				INFOPLIST_KEY_UISupportedInterfaceOrientations_iPhone = "UIInterfaceOrientationPortrait UIInterfaceOrientationLandscapeLeft UIInterfaceOrientationLandscapeRight";
				LD_RUNPATH_SEARCH_PATHS = (
					"$(inherited)",
					"@executable_path/Frameworks",
				);
				MARKETING_VERSION = 1.0;
				PRODUCT_BUNDLE_IDENTIFIER = com.davidani.TDDAuth;
				PRODUCT_NAME = "$(TARGET_NAME)";
				SWIFT_EMIT_LOC_STRINGS = YES;
				SWIFT_VERSION = 5.0;
				TARGETED_DEVICE_FAMILY = "1,2";
			};
			name = Debug;
		};
		FAD1D48C29250E26001B30B6 /* Release */ = {
			isa = XCBuildConfiguration;
			buildSettings = {
				ASSETCATALOG_COMPILER_APPICON_NAME = AppIcon;
				ASSETCATALOG_COMPILER_GLOBAL_ACCENT_COLOR_NAME = AccentColor;
				CODE_SIGN_STYLE = Automatic;
				CURRENT_PROJECT_VERSION = 1;
				DEVELOPMENT_ASSET_PATHS = "\"TDDAuth/Preview Content\"";
				DEVELOPMENT_TEAM = 6VC84T9283;
				ENABLE_PREVIEWS = YES;
				GENERATE_INFOPLIST_FILE = YES;
				INFOPLIST_KEY_UIApplicationSceneManifest_Generation = YES;
				INFOPLIST_KEY_UIApplicationSupportsIndirectInputEvents = YES;
				INFOPLIST_KEY_UILaunchScreen_Generation = YES;
				INFOPLIST_KEY_UISupportedInterfaceOrientations_iPad = "UIInterfaceOrientationPortrait UIInterfaceOrientationPortraitUpsideDown UIInterfaceOrientationLandscapeLeft UIInterfaceOrientationLandscapeRight";
				INFOPLIST_KEY_UISupportedInterfaceOrientations_iPhone = "UIInterfaceOrientationPortrait UIInterfaceOrientationLandscapeLeft UIInterfaceOrientationLandscapeRight";
				LD_RUNPATH_SEARCH_PATHS = (
					"$(inherited)",
					"@executable_path/Frameworks",
				);
				MARKETING_VERSION = 1.0;
				PRODUCT_BUNDLE_IDENTIFIER = com.davidani.TDDAuth;
				PRODUCT_NAME = "$(TARGET_NAME)";
				SWIFT_EMIT_LOC_STRINGS = YES;
				SWIFT_VERSION = 5.0;
				TARGETED_DEVICE_FAMILY = "1,2";
			};
			name = Release;
		};
		FAD1D49B29250F9C001B30B6 /* Debug */ = {
			isa = XCBuildConfiguration;
			buildSettings = {
				BUNDLE_LOADER = "$(TEST_HOST)";
				CODE_SIGN_STYLE = Automatic;
				CURRENT_PROJECT_VERSION = 1;
				DEVELOPMENT_TEAM = 6VC84T9283;
				GENERATE_INFOPLIST_FILE = YES;
				MARKETING_VERSION = 1.0;
				PRODUCT_BUNDLE_IDENTIFIER = com.davidani.TDDAuthTests;
				PRODUCT_NAME = "$(TARGET_NAME)";
				SWIFT_EMIT_LOC_STRINGS = NO;
				SWIFT_VERSION = 5.0;
				TARGETED_DEVICE_FAMILY = "1,2";
				TEST_HOST = "$(BUILT_PRODUCTS_DIR)/TDDAuth.app/TDDAuth";
			};
			name = Debug;
		};
		FAD1D49C29250F9C001B30B6 /* Release */ = {
			isa = XCBuildConfiguration;
			buildSettings = {
				BUNDLE_LOADER = "$(TEST_HOST)";
				CODE_SIGN_STYLE = Automatic;
				CURRENT_PROJECT_VERSION = 1;
				DEVELOPMENT_TEAM = 6VC84T9283;
				GENERATE_INFOPLIST_FILE = YES;
				MARKETING_VERSION = 1.0;
				PRODUCT_BUNDLE_IDENTIFIER = com.davidani.TDDAuthTests;
				PRODUCT_NAME = "$(TARGET_NAME)";
				SWIFT_EMIT_LOC_STRINGS = NO;
				SWIFT_VERSION = 5.0;
				TARGETED_DEVICE_FAMILY = "1,2";
				TEST_HOST = "$(BUILT_PRODUCTS_DIR)/TDDAuth.app/TDDAuth";
			};
			name = Release;
		};
/* End XCBuildConfiguration section */

/* Begin XCConfigurationList section */
		FAD1D47729250E23001B30B6 /* Build configuration list for PBXProject "TDDAuth" */ = {
			isa = XCConfigurationList;
			buildConfigurations = (
				FAD1D48829250E26001B30B6 /* Debug */,
				FAD1D48929250E26001B30B6 /* Release */,
			);
			defaultConfigurationIsVisible = 0;
			defaultConfigurationName = Release;
		};
		FAD1D48A29250E26001B30B6 /* Build configuration list for PBXNativeTarget "TDDAuth" */ = {
			isa = XCConfigurationList;
			buildConfigurations = (
				FAD1D48B29250E26001B30B6 /* Debug */,
				FAD1D48C29250E26001B30B6 /* Release */,
			);
			defaultConfigurationIsVisible = 0;
			defaultConfigurationName = Release;
		};
		FAD1D49A29250F9C001B30B6 /* Build configuration list for PBXNativeTarget "TDDAuthTests" */ = {
			isa = XCConfigurationList;
			buildConfigurations = (
				FAD1D49B29250F9C001B30B6 /* Debug */,
				FAD1D49C29250F9C001B30B6 /* Release */,
			);
			defaultConfigurationIsVisible = 0;
			defaultConfigurationName = Release;
		};
/* End XCConfigurationList section */
	};
	rootObject = FAD1D47429250E23001B30B6 /* Project object */;
}
